
Microsoft Visual Studio Solution File, Format Version 12.00
# Visual Studio Version 17
VisualStudioVersion = 17.2.32616.157
MinimumVisualStudioVersion = 10.0.40219.1
Project("{FAE04EC0-301F-11D3-BF4B-00C04F79EFBC}") = "Lab_3_1_10", "Lab_3_1_10.csproj", "{87027529-06B9-43FE-A371-17FD36735544}"
EndProject
Global
	GlobalSection(SolutionConfigurationPlatforms) = preSolution
		Debug|Any CPU = Debug|Any CPU
		Release|Any CPU = Release|Any CPU
	EndGlobalSection
	GlobalSection(ProjectConfigurationPlatforms) = postSolution
		{87027529-06B9-43FE-A371-17FD36735544}.Debug|Any CPU.ActiveCfg = Debug|Any CPU
		{87027529-06B9-43FE-A371-17FD36735544}.Debug|Any CPU.Build.0 = Debug|Any CPU
		{87027529-06B9-43FE-A371-17FD36735544}.Release|Any CPU.ActiveCfg = Release|Any CPU
		{87027529-06B9-43FE-A371-17FD36735544}.Release|Any CPU.Build.0 = Release|Any CPU
	EndGlobalSection
	GlobalSection(SolutionProperties) = preSolution
		HideSolutionNode = FALSE
	EndGlobalSection
	GlobalSection(ExtensibilityGlobals) = postSolution
		SolutionGuid = {48D57667-DD34-440D-88B6-5D1658750834}
	EndGlobalSection
EndGlobal
